
Microsoft Visual Studio Solution File, Format Version 12.00
# Visual Studio Version 16
VisualStudioVersion = 16.0.29926.136
MinimumVisualStudioVersion = 10.0.40219.1
Project("{FAE04EC0-301F-11D3-BF4B-00C04F79EFBC}") = "Calculator", "Calculator\Calculator.csproj", "{1722E3C9-2962-4D87-83E5-A07517B6271A}"
EndProject
Project("{FAE04EC0-301F-11D3-BF4B-00C04F79EFBC}") = "UnitTestProject1", "UnitTestProject1\UnitTestProject1.csproj", "{25E8960B-4BA0-4BC9-AB3D-936F910FAAA8}"
EndProject
Global
	GlobalSection(SolutionConfigurationPlatforms) = preSolution
		Debug|Any CPU = Debug|Any CPU
		Release|Any CPU = Release|Any CPU
	EndGlobalSection
	GlobalSection(ProjectConfigurationPlatforms) = postSolution
		{1722E3C9-2962-4D87-83E5-A07517B6271A}.Debug|Any CPU.ActiveCfg = Debug|Any CPU
		{1722E3C9-2962-4D87-83E5-A07517B6271A}.Debug|Any CPU.Build.0 = Debug|Any CPU
		{1722E3C9-2962-4D87-83E5-A07517B6271A}.Release|Any CPU.ActiveCfg = Release|Any CPU
		{1722E3C9-2962-4D87-83E5-A07517B6271A}.Release|Any CPU.Build.0 = Release|Any CPU
		{25E8960B-4BA0-4BC9-AB3D-936F910FAAA8}.Debug|Any CPU.ActiveCfg = Debug|Any CPU
		{25E8960B-4BA0-4BC9-AB3D-936F910FAAA8}.Debug|Any CPU.Build.0 = Debug|Any CPU
		{25E8960B-4BA0-4BC9-AB3D-936F910FAAA8}.Release|Any CPU.ActiveCfg = Release|Any CPU
		{25E8960B-4BA0-4BC9-AB3D-936F910FAAA8}.Release|Any CPU.Build.0 = Release|Any CPU
	EndGlobalSection
	GlobalSection(SolutionProperties) = preSolution
		HideSolutionNode = FALSE
	EndGlobalSection
	GlobalSection(ExtensibilityGlobals) = postSolution
		SolutionGuid = {809F8320-6B79-43FB-B462-DFB0C9DEE012}
	EndGlobalSection
EndGlobal
