
Microsoft Visual Studio Solution File, Format Version 12.00
# Visual Studio Version 16
VisualStudioVersion = 16.0.29926.136
MinimumVisualStudioVersion = 10.0.40219.1
Project("{2150E333-8FDC-42A3-9474-1A3956D46DE8}") = "Solution Items", "Solution Items", "{425159CE-9112-445F-BE1F-F960B0B12B10}"
	ProjectSection(SolutionItems) = preProject
		..\README.md = ..\README.md
	EndProjectSection
EndProject
Project("{FAE04EC0-301F-11D3-BF4B-00C04F79EFBC}") = "Data", "Data\Data.csproj", "{1B15B7E6-5FD0-4852-AFF2-B911A6038364}"
EndProject
Project("{FAE04EC0-301F-11D3-BF4B-00C04F79EFBC}") = "Logic", "Logic\Logic.csproj", "{34AACF9A-F5F4-471B-B398-987BE1C93E73}"
EndProject
Project("{2150E333-8FDC-42A3-9474-1A3956D46DE8}") = "MVVM", "MVVM", "{5C80A7A7-6AB9-44DD-B177-A728EE3F5253}"
EndProject
Project("{FAE04EC0-301F-11D3-BF4B-00C04F79EFBC}") = "View", "View\View.csproj", "{2EFBBEC1-19EA-4B7A-9342-5B303AA255F8}"
EndProject
Project("{9A19103F-16F7-4668-BE54-9A1E7A4F7556}") = "Model", "Model\Model.csproj", "{027A0FCA-5DB6-4047-B51B-BE58C3F0EC4F}"
EndProject
Project("{9A19103F-16F7-4668-BE54-9A1E7A4F7556}") = "ViewModel", "ViewModel\ViewModel.csproj", "{511ACF81-B2AC-4E95-B58A-05B78E8570B9}"
EndProject
Project("{2150E333-8FDC-42A3-9474-1A3956D46DE8}") = "Tests", "Tests", "{36ABE25A-FCE7-4D0B-9860-2E9E8A9DB3DE}"
EndProject
Project("{FAE04EC0-301F-11D3-BF4B-00C04F79EFBC}") = "LogicTests", "LogicTests\LogicTests.csproj", "{6E522F61-F584-425A-A8FB-F45ED69A360A}"
EndProject
Global
	GlobalSection(SolutionConfigurationPlatforms) = preSolution
		Debug|Any CPU = Debug|Any CPU
		Release|Any CPU = Release|Any CPU
	EndGlobalSection
	GlobalSection(ProjectConfigurationPlatforms) = postSolution
		{1B15B7E6-5FD0-4852-AFF2-B911A6038364}.Debug|Any CPU.ActiveCfg = Debug|Any CPU
		{1B15B7E6-5FD0-4852-AFF2-B911A6038364}.Debug|Any CPU.Build.0 = Debug|Any CPU
		{1B15B7E6-5FD0-4852-AFF2-B911A6038364}.Release|Any CPU.ActiveCfg = Release|Any CPU
		{1B15B7E6-5FD0-4852-AFF2-B911A6038364}.Release|Any CPU.Build.0 = Release|Any CPU
		{34AACF9A-F5F4-471B-B398-987BE1C93E73}.Debug|Any CPU.ActiveCfg = Debug|Any CPU
		{34AACF9A-F5F4-471B-B398-987BE1C93E73}.Debug|Any CPU.Build.0 = Debug|Any CPU
		{34AACF9A-F5F4-471B-B398-987BE1C93E73}.Release|Any CPU.ActiveCfg = Release|Any CPU
		{34AACF9A-F5F4-471B-B398-987BE1C93E73}.Release|Any CPU.Build.0 = Release|Any CPU
		{2EFBBEC1-19EA-4B7A-9342-5B303AA255F8}.Debug|Any CPU.ActiveCfg = Debug|Any CPU
		{2EFBBEC1-19EA-4B7A-9342-5B303AA255F8}.Debug|Any CPU.Build.0 = Debug|Any CPU
		{2EFBBEC1-19EA-4B7A-9342-5B303AA255F8}.Release|Any CPU.ActiveCfg = Release|Any CPU
		{2EFBBEC1-19EA-4B7A-9342-5B303AA255F8}.Release|Any CPU.Build.0 = Release|Any CPU
		{027A0FCA-5DB6-4047-B51B-BE58C3F0EC4F}.Debug|Any CPU.ActiveCfg = Debug|Any CPU
		{027A0FCA-5DB6-4047-B51B-BE58C3F0EC4F}.Debug|Any CPU.Build.0 = Debug|Any CPU
		{027A0FCA-5DB6-4047-B51B-BE58C3F0EC4F}.Release|Any CPU.ActiveCfg = Release|Any CPU
		{027A0FCA-5DB6-4047-B51B-BE58C3F0EC4F}.Release|Any CPU.Build.0 = Release|Any CPU
		{511ACF81-B2AC-4E95-B58A-05B78E8570B9}.Debug|Any CPU.ActiveCfg = Debug|Any CPU
		{511ACF81-B2AC-4E95-B58A-05B78E8570B9}.Debug|Any CPU.Build.0 = Debug|Any CPU
		{511ACF81-B2AC-4E95-B58A-05B78E8570B9}.Release|Any CPU.ActiveCfg = Release|Any CPU
		{511ACF81-B2AC-4E95-B58A-05B78E8570B9}.Release|Any CPU.Build.0 = Release|Any CPU
		{6E522F61-F584-425A-A8FB-F45ED69A360A}.Debug|Any CPU.ActiveCfg = Debug|Any CPU
		{6E522F61-F584-425A-A8FB-F45ED69A360A}.Debug|Any CPU.Build.0 = Debug|Any CPU
		{6E522F61-F584-425A-A8FB-F45ED69A360A}.Release|Any CPU.ActiveCfg = Release|Any CPU
		{6E522F61-F584-425A-A8FB-F45ED69A360A}.Release|Any CPU.Build.0 = Release|Any CPU
	EndGlobalSection
	GlobalSection(SolutionProperties) = preSolution
		HideSolutionNode = FALSE
	EndGlobalSection
	GlobalSection(NestedProjects) = preSolution
		{2EFBBEC1-19EA-4B7A-9342-5B303AA255F8} = {5C80A7A7-6AB9-44DD-B177-A728EE3F5253}
		{027A0FCA-5DB6-4047-B51B-BE58C3F0EC4F} = {5C80A7A7-6AB9-44DD-B177-A728EE3F5253}
		{511ACF81-B2AC-4E95-B58A-05B78E8570B9} = {5C80A7A7-6AB9-44DD-B177-A728EE3F5253}
		{6E522F61-F584-425A-A8FB-F45ED69A360A} = {36ABE25A-FCE7-4D0B-9860-2E9E8A9DB3DE}
	EndGlobalSection
	GlobalSection(ExtensibilityGlobals) = postSolution
		SolutionGuid = {8520E6B9-557E-4428-9A47-C79E74AA7C92}
	EndGlobalSection
EndGlobal
